// !$*UTF8*$!
{
	archiveVersion = 1;
	classes = {
	};
	objectVersion = 50;
	objects = {

/* Begin PBXBuildFile section */
		957441BC26E8B185004AEE46 /* AppDelegate.swift in Sources */ = {isa = PBXBuildFile; fileRef = 957441BB26E8B185004AEE46 /* AppDelegate.swift */; };
		957441BE26E8B185004AEE46 /* SceneDelegate.swift in Sources */ = {isa = PBXBuildFile; fileRef = 957441BD26E8B185004AEE46 /* SceneDelegate.swift */; };
		957441C026E8B185004AEE46 /* DetailsView.swift in Sources */ = {isa = PBXBuildFile; fileRef = 957441BF26E8B185004AEE46 /* DetailsView.swift */; };
		957441C226E8B186004AEE46 /* Assets.xcassets in Resources */ = {isa = PBXBuildFile; fileRef = 957441C126E8B186004AEE46 /* Assets.xcassets */; };
		957441C526E8B186004AEE46 /* Preview Assets.xcassets in Resources */ = {isa = PBXBuildFile; fileRef = 957441C426E8B186004AEE46 /* Preview Assets.xcassets */; };
		957441C826E8B186004AEE46 /* LaunchScreen.storyboard in Resources */ = {isa = PBXBuildFile; fileRef = 957441C626E8B186004AEE46 /* LaunchScreen.storyboard */; };
		957441D226E8B1DA004AEE46 /* MapView.swift in Sources */ = {isa = PBXBuildFile; fileRef = 957441D126E8B1DA004AEE46 /* MapView.swift */; };
		957441D426E8B2E0004AEE46 /* LandmarkModel.swift in Sources */ = {isa = PBXBuildFile; fileRef = 957441D326E8B2E0004AEE46 /* LandmarkModel.swift */; };
/* End PBXBuildFile section */

/* Begin PBXFileReference section */
		957441B826E8B185004AEE46 /* LandmarkBookWithSwiftUI.app */ = {isa = PBXFileReference; explicitFileType = wrapper.application; includeInIndex = 0; path = LandmarkBookWithSwiftUI.app; sourceTree = BUILT_PRODUCTS_DIR; };
		957441BB26E8B185004AEE46 /* AppDelegate.swift */ = {isa = PBXFileReference; lastKnownFileType = sourcecode.swift; path = AppDelegate.swift; sourceTree = "<group>"; };
		957441BD26E8B185004AEE46 /* SceneDelegate.swift */ = {isa = PBXFileReference; lastKnownFileType = sourcecode.swift; path = SceneDelegate.swift; sourceTree = "<group>"; };
		957441BF26E8B185004AEE46 /* DetailsView.swift */ = {isa = PBXFileReference; lastKnownFileType = sourcecode.swift; path = DetailsView.swift; sourceTree = "<group>"; };
		957441C126E8B186004AEE46 /* Assets.xcassets */ = {isa = PBXFileReference; lastKnownFileType = folder.assetcatalog; path = Assets.xcassets; sourceTree = "<group>"; };
		957441C426E8B186004AEE46 /* Preview Assets.xcassets */ = {isa = PBXFileReference; lastKnownFileType = folder.assetcatalog; path = "Preview Assets.xcassets"; sourceTree = "<group>"; };
		957441C726E8B186004AEE46 /* Base */ = {isa = PBXFileReference; lastKnownFileType = file.storyboard; name = Base; path = Base.lproj/LaunchScreen.storyboard; sourceTree = "<group>"; };
		957441C926E8B186004AEE46 /* Info.plist */ = {isa = PBXFileReference; lastKnownFileType = text.plist.xml; path = Info.plist; sourceTree = "<group>"; };
		957441D126E8B1DA004AEE46 /* MapView.swift */ = {isa = PBXFileReference; lastKnownFileType = sourcecode.swift; path = MapView.swift; sourceTree = "<group>"; };
		957441D326E8B2E0004AEE46 /* LandmarkModel.swift */ = {isa = PBXFileReference; lastKnownFileType = sourcecode.swift; path = LandmarkModel.swift; sourceTree = "<group>"; };
/* End PBXFileReference section */

/* Begin PBXFrameworksBuildPhase section */
		957441B526E8B185004AEE46 /* Frameworks */ = {
			isa = PBXFrameworksBuildPhase;
			buildActionMask = 2147483647;
			files = (
			);
			runOnlyForDeploymentPostprocessing = 0;
		};
/* End PBXFrameworksBuildPhase section */

/* Begin PBXGroup section */
		957441AF26E8B185004AEE46 = {
			isa = PBXGroup;
			children = (
				957441BA26E8B185004AEE46 /* LandmarkBookWithSwiftUI */,
				957441B926E8B185004AEE46 /* Products */,
			);
			sourceTree = "<group>";
		};
		957441B926E8B185004AEE46 /* Products */ = {
			isa = PBXGroup;
			children = (
				957441B826E8B185004AEE46 /* LandmarkBookWithSwiftUI.app */,
			);
			name = Products;
			sourceTree = "<group>";
		};
		957441BA26E8B185004AEE46 /* LandmarkBookWithSwiftUI */ = {
			isa = PBXGroup;
			children = (
				957441D026E8B1A6004AEE46 /* Views */,
				957441CF26E8B19A004AEE46 /* Models */,
				957441BB26E8B185004AEE46 /* AppDelegate.swift */,
				957441BD26E8B185004AEE46 /* SceneDelegate.swift */,
				957441C126E8B186004AEE46 /* Assets.xcassets */,
				957441C626E8B186004AEE46 /* LaunchScreen.storyboard */,
				957441C926E8B186004AEE46 /* Info.plist */,
				957441C326E8B186004AEE46 /* Preview Content */,
			);
			path = LandmarkBookWithSwiftUI;
			sourceTree = "<group>";
		};
		957441C326E8B186004AEE46 /* Preview Content */ = {
			isa = PBXGroup;
			children = (
				957441C426E8B186004AEE46 /* Preview Assets.xcassets */,
			);
			path = "Preview Content";
			sourceTree = "<group>";
		};
		957441CF26E8B19A004AEE46 /* Models */ = {
			isa = PBXGroup;
			children = (
				957441D326E8B2E0004AEE46 /* LandmarkModel.swift */,
			);
			path = Models;
			sourceTree = "<group>";
		};
		957441D026E8B1A6004AEE46 /* Views */ = {
			isa = PBXGroup;
			children = (
				957441BF26E8B185004AEE46 /* DetailsView.swift */,
				957441D126E8B1DA004AEE46 /* MapView.swift */,
			);
			path = Views;
			sourceTree = "<group>";
		};
/* End PBXGroup section */

/* Begin PBXNativeTarget section */
		957441B726E8B185004AEE46 /* LandmarkBookWithSwiftUI */ = {
			isa = PBXNativeTarget;
			buildConfigurationList = 957441CC26E8B186004AEE46 /* Build configuration list for PBXNativeTarget "LandmarkBookWithSwiftUI" */;
			buildPhases = (
				957441B426E8B185004AEE46 /* Sources */,
				957441B526E8B185004AEE46 /* Frameworks */,
				957441B626E8B185004AEE46 /* Resources */,
			);
			buildRules = (
			);
			dependencies = (
			);
			name = LandmarkBookWithSwiftUI;
			productName = LandmarkBookWithSwiftUI;
			productReference = 957441B826E8B185004AEE46 /* LandmarkBookWithSwiftUI.app */;
			productType = "com.apple.product-type.application";
		};
/* End PBXNativeTarget section */

/* Begin PBXProject section */
		957441B026E8B185004AEE46 /* Project object */ = {
			isa = PBXProject;
			attributes = {
				LastSwiftUpdateCheck = 1250;
				LastUpgradeCheck = 1250;
				TargetAttributes = {
					957441B726E8B185004AEE46 = {
						CreatedOnToolsVersion = 12.5.1;
					};
				};
			};
			buildConfigurationList = 957441B326E8B185004AEE46 /* Build configuration list for PBXProject "LandmarkBookWithSwiftUI" */;
			compatibilityVersion = "Xcode 9.3";
			developmentRegion = en;
			hasScannedForEncodings = 0;
			knownRegions = (
				en,
				Base,
			);
			mainGroup = 957441AF26E8B185004AEE46;
			productRefGroup = 957441B926E8B185004AEE46 /* Products */;
			projectDirPath = "";
			projectRoot = "";
			targets = (
				957441B726E8B185004AEE46 /* LandmarkBookWithSwiftUI */,
			);
		};
/* End PBXProject section */

/* Begin PBXResourcesBuildPhase section */
		957441B626E8B185004AEE46 /* Resources */ = {
			isa = PBXResourcesBuildPhase;
			buildActionMask = 2147483647;
			files = (
				957441C826E8B186004AEE46 /* LaunchScreen.storyboard in Resources */,
				957441C526E8B186004AEE46 /* Preview Assets.xcassets in Resources */,
				957441C226E8B186004AEE46 /* Assets.xcassets in Resources */,
			);
			runOnlyForDeploymentPostprocessing = 0;
		};
/* End PBXResourcesBuildPhase section */

/* Begin PBXSourcesBuildPhase section */
		957441B426E8B185004AEE46 /* Sources */ = {
			isa = PBXSourcesBuildPhase;
			buildActionMask = 2147483647;
			files = (
				957441BC26E8B185004AEE46 /* AppDelegate.swift in Sources */,
				957441D426E8B2E0004AEE46 /* LandmarkModel.swift in Sources */,
				957441D226E8B1DA004AEE46 /* MapView.swift in Sources */,
				957441BE26E8B185004AEE46 /* SceneDelegate.swift in Sources */,
				957441C026E8B185004AEE46 /* DetailsView.swift in Sources */,
			);
			runOnlyForDeploymentPostprocessing = 0;
		};
/* End PBXSourcesBuildPhase section */

/* Begin PBXVariantGroup section */
		957441C626E8B186004AEE46 /* LaunchScreen.storyboard */ = {
			isa = PBXVariantGroup;
			children = (
				957441C726E8B186004AEE46 /* Base */,
			);
			name = LaunchScreen.storyboard;
			sourceTree = "<group>";
		};
/* End PBXVariantGroup section */

/* Begin XCBuildConfiguration section */
		957441CA26E8B186004AEE46 /* Debug */ = {
			isa = XCBuildConfiguration;
			buildSettings = {
				ALWAYS_SEARCH_USER_PATHS = NO;
				CLANG_ANALYZER_NONNULL = YES;
				CLANG_ANALYZER_NUMBER_OBJECT_CONVERSION = YES_AGGRESSIVE;
				CLANG_CXX_LANGUAGE_STANDARD = "gnu++14";
				CLANG_CXX_LIBRARY = "libc++";
				CLANG_ENABLE_MODULES = YES;
				CLANG_ENABLE_OBJC_ARC = YES;
				CLANG_ENABLE_OBJC_WEAK = YES;
				CLANG_WARN_BLOCK_CAPTURE_AUTORELEASING = YES;
				CLANG_WARN_BOOL_CONVERSION = YES;
				CLANG_WARN_COMMA = YES;
				CLANG_WARN_CONSTANT_CONVERSION = YES;
				CLANG_WARN_DEPRECATED_OBJC_IMPLEMENTATIONS = YES;
				CLANG_WARN_DIRECT_OBJC_ISA_USAGE = YES_ERROR;
				CLANG_WARN_DOCUMENTATION_COMMENTS = YES;
				CLANG_WARN_EMPTY_BODY = YES;
				CLANG_WARN_ENUM_CONVERSION = YES;
				CLANG_WARN_INFINITE_RECURSION = YES;
				CLANG_WARN_INT_CONVERSION = YES;
				CLANG_WARN_NON_LITERAL_NULL_CONVERSION = YES;
				CLANG_WARN_OBJC_IMPLICIT_RETAIN_SELF = YES;
				CLANG_WARN_OBJC_LITERAL_CONVERSION = YES;
				CLANG_WARN_OBJC_ROOT_CLASS = YES_ERROR;
				CLANG_WARN_QUOTED_INCLUDE_IN_FRAMEWORK_HEADER = YES;
				CLANG_WARN_RANGE_LOOP_ANALYSIS = YES;
				CLANG_WARN_STRICT_PROTOTYPES = YES;
				CLANG_WARN_SUSPICIOUS_MOVE = YES;
				CLANG_WARN_UNGUARDED_AVAILABILITY = YES_AGGRESSIVE;
				CLANG_WARN_UNREACHABLE_CODE = YES;
				CLANG_WARN__DUPLICATE_METHOD_MATCH = YES;
				COPY_PHASE_STRIP = NO;
				DEBUG_INFORMATION_FORMAT = dwarf;
				ENABLE_STRICT_OBJC_MSGSEND = YES;
				ENABLE_TESTABILITY = YES;
				GCC_C_LANGUAGE_STANDARD = gnu11;
				GCC_DYNAMIC_NO_PIC = NO;
				GCC_NO_COMMON_BLOCKS = YES;
				GCC_OPTIMIZATION_LEVEL = 0;
				GCC_PREPROCESSOR_DEFINITIONS = (
					"DEBUG=1",
					"$(inherited)",
				);
				GCC_WARN_64_TO_32_BIT_CONVERSION = YES;
				GCC_WARN_ABOUT_RETURN_TYPE = YES_ERROR;
				GCC_WARN_UNDECLARED_SELECTOR = YES;
				GCC_WARN_UNINITIALIZED_AUTOS = YES_AGGRESSIVE;
				GCC_WARN_UNUSED_FUNCTION = YES;
				GCC_WARN_UNUSED_VARIABLE = YES;
				IPHONEOS_DEPLOYMENT_TARGET = 14.5;
				MTL_ENABLE_DEBUG_INFO = INCLUDE_SOURCE;
				MTL_FAST_MATH = YES;
				ONLY_ACTIVE_ARCH = YES;
				SDKROOT = iphoneos;
				SWIFT_ACTIVE_COMPILATION_CONDITIONS = DEBUG;
				SWIFT_OPTIMIZATION_LEVEL = "-Onone";
			};
			name = Debug;
		};
		957441CB26E8B186004AEE46 /* Release */ = {
			isa = XCBuildConfiguration;
			buildSettings = {
				ALWAYS_SEARCH_USER_PATHS = NO;
				CLANG_ANALYZER_NONNULL = YES;
				CLANG_ANALYZER_NUMBER_OBJECT_CONVERSION = YES_AGGRESSIVE;
				CLANG_CXX_LANGUAGE_STANDARD = "gnu++14";
				CLANG_CXX_LIBRARY = "libc++";
				CLANG_ENABLE_MODULES = YES;
				CLANG_ENABLE_OBJC_ARC = YES;
				CLANG_ENABLE_OBJC_WEAK = YES;
				CLANG_WARN_BLOCK_CAPTURE_AUTORELEASING = YES;
				CLANG_WARN_BOOL_CONVERSION = YES;
				CLANG_WARN_COMMA = YES;
				CLANG_WARN_CONSTANT_CONVERSION = YES;
				CLANG_WARN_DEPRECATED_OBJC_IMPLEMENTATIONS = YES;
				CLANG_WARN_DIRECT_OBJC_ISA_USAGE = YES_ERROR;
				CLANG_WARN_DOCUMENTATION_COMMENTS = YES;
				CLANG_WARN_EMPTY_BODY = YES;
				CLANG_WARN_ENUM_CONVERSION = YES;
				CLANG_WARN_INFINITE_RECURSION = YES;
				CLANG_WARN_INT_CONVERSION = YES;
				CLANG_WARN_NON_LITERAL_NULL_CONVERSION = YES;
				CLANG_WARN_OBJC_IMPLICIT_RETAIN_SELF = YES;
				CLANG_WARN_OBJC_LITERAL_CONVERSION = YES;
				CLANG_WARN_OBJC_ROOT_CLASS = YES_ERROR;
				CLANG_WARN_QUOTED_INCLUDE_IN_FRAMEWORK_HEADER = YES;
				CLANG_WARN_RANGE_LOOP_ANALYSIS = YES;
				CLANG_WARN_STRICT_PROTOTYPES = YES;
				CLANG_WARN_SUSPICIOUS_MOVE = YES;
				CLANG_WARN_UNGUARDED_AVAILABILITY = YES_AGGRESSIVE;
				CLANG_WARN_UNREACHABLE_CODE = YES;
				CLANG_WARN__DUPLICATE_METHOD_MATCH = YES;
				COPY_PHASE_STRIP = NO;
				DEBUG_INFORMATION_FORMAT = "dwarf-with-dsym";
				ENABLE_NS_ASSERTIONS = NO;
				ENABLE_STRICT_OBJC_MSGSEND = YES;
				GCC_C_LANGUAGE_STANDARD = gnu11;
				GCC_NO_COMMON_BLOCKS = YES;
				GCC_WARN_64_TO_32_BIT_CONVERSION = YES;
				GCC_WARN_ABOUT_RETURN_TYPE = YES_ERROR;
				GCC_WARN_UNDECLARED_SELECTOR = YES;
				GCC_WARN_UNINITIALIZED_AUTOS = YES_AGGRESSIVE;
				GCC_WARN_UNUSED_FUNCTION = YES;
				GCC_WARN_UNUSED_VARIABLE = YES;
				IPHONEOS_DEPLOYMENT_TARGET = 14.5;
				MTL_ENABLE_DEBUG_INFO = NO;
				MTL_FAST_MATH = YES;
				SDKROOT = iphoneos;
				SWIFT_COMPILATION_MODE = wholemodule;
				SWIFT_OPTIMIZATION_LEVEL = "-O";
				VALIDATE_PRODUCT = YES;
			};
			name = Release;
		};
		957441CD26E8B186004AEE46 /* Debug */ = {
			isa = XCBuildConfiguration;
			buildSettings = {
				ASSETCATALOG_COMPILER_APPICON_NAME = AppIcon;
				ASSETCATALOG_COMPILER_GLOBAL_ACCENT_COLOR_NAME = AccentColor;
				CODE_SIGN_STYLE = Automatic;
				DEVELOPMENT_ASSET_PATHS = "\"LandmarkBookWithSwiftUI/Preview Content\"";
				DEVELOPMENT_TEAM = 2DMLSZYJH6;
				ENABLE_PREVIEWS = YES;
				INFOPLIST_FILE = LandmarkBookWithSwiftUI/Info.plist;
				LD_RUNPATH_SEARCH_PATHS = (
					"$(inherited)",
					"@executable_path/Frameworks",
				);
				PRODUCT_BUNDLE_IDENTIFIER = com.SemihKalayci.LandmarkBookWithSwiftUI;
				PRODUCT_NAME = "$(TARGET_NAME)";
				SWIFT_VERSION = 5.0;
				TARGETED_DEVICE_FAMILY = "1,2";
			};
			name = Debug;
		};
		957441CE26E8B186004AEE46 /* Release */ = {
			isa = XCBuildConfiguration;
			buildSettings = {
				ASSETCATALOG_COMPILER_APPICON_NAME = AppIcon;
				ASSETCATALOG_COMPILER_GLOBAL_ACCENT_COLOR_NAME = AccentColor;
				CODE_SIGN_STYLE = Automatic;
				DEVELOPMENT_ASSET_PATHS = "\"LandmarkBookWithSwiftUI/Preview Content\"";
				DEVELOPMENT_TEAM = 2DMLSZYJH6;
				ENABLE_PREVIEWS = YES;
				INFOPLIST_FILE = LandmarkBookWithSwiftUI/Info.plist;
				LD_RUNPATH_SEARCH_PATHS = (
					"$(inherited)",
					"@executable_path/Frameworks",
				);
				PRODUCT_BUNDLE_IDENTIFIER = com.SemihKalayci.LandmarkBookWithSwiftUI;
				PRODUCT_NAME = "$(TARGET_NAME)";
				SWIFT_VERSION = 5.0;
				TARGETED_DEVICE_FAMILY = "1,2";
			};
			name = Release;
		};
/* End XCBuildConfiguration section */

/* Begin XCConfigurationList section */
		957441B326E8B185004AEE46 /* Build configuration list for PBXProject "LandmarkBookWithSwiftUI" */ = {
			isa = XCConfigurationList;
			buildConfigurations = (
				957441CA26E8B186004AEE46 /* Debug */,
				957441CB26E8B186004AEE46 /* Release */,
			);
			defaultConfigurationIsVisible = 0;
			defaultConfigurationName = Release;
		};
		957441CC26E8B186004AEE46 /* Build configuration list for PBXNativeTarget "LandmarkBookWithSwiftUI" */ = {
			isa = XCConfigurationList;
			buildConfigurations = (
				957441CD26E8B186004AEE46 /* Debug */,
				957441CE26E8B186004AEE46 /* Release */,
			);
			defaultConfigurationIsVisible = 0;
			defaultConfigurationName = Release;
		};
/* End XCConfigurationList section */
	};
	rootObject = 957441B026E8B185004AEE46 /* Project object */;
}
